
Microsoft Visual Studio Solution File, Format Version 12.00
# Visual Studio Version 16
VisualStudioVersion = 16.0.29102.190
MinimumVisualStudioVersion = 10.0.40219.1
Project("{FAE04EC0-301F-11D3-BF4B-00C04F79EFBC}") = "CodingProblem", "CodingProblem\CodingProblem.csproj", "{81A28E7E-D8EC-4E1D-BF59-27999CB63D4A}"
EndProject
Global
	GlobalSection(SolutionConfigurationPlatforms) = preSolution
		Debug|Any CPU = Debug|Any CPU
		Release|Any CPU = Release|Any CPU
	EndGlobalSection
	GlobalSection(ProjectConfigurationPlatforms) = postSolution
		{81A28E7E-D8EC-4E1D-BF59-27999CB63D4A}.Debug|Any CPU.ActiveCfg = Debug|Any CPU
		{81A28E7E-D8EC-4E1D-BF59-27999CB63D4A}.Debug|Any CPU.Build.0 = Debug|Any CPU
		{81A28E7E-D8EC-4E1D-BF59-27999CB63D4A}.Release|Any CPU.ActiveCfg = Release|Any CPU
		{81A28E7E-D8EC-4E1D-BF59-27999CB63D4A}.Release|Any CPU.Build.0 = Release|Any CPU
	EndGlobalSection
	GlobalSection(SolutionProperties) = preSolution
		HideSolutionNode = FALSE
	EndGlobalSection
	GlobalSection(ExtensibilityGlobals) = postSolution
		SolutionGuid = {ABDF8D5C-EAFF-40C7-B983-6CAB77082268}
	EndGlobalSection
EndGlobal
